
Microsoft Visual Studio Solution File, Format Version 12.00
# Visual Studio Version 17
VisualStudioVersion = 17.6.33723.286
MinimumVisualStudioVersion = 10.0.40219.1
Project("{FAE04EC0-301F-11D3-BF4B-00C04F79EFBC}") = "ah-Maze-ing", "ah-Maze-ing.csproj", "{172F51B9-1450-4C06-91C1-8923F2266BE4}"
EndProject
Global
	GlobalSection(SolutionConfigurationPlatforms) = preSolution
		Debug|Any CPU = Debug|Any CPU
		Release|Any CPU = Release|Any CPU
	EndGlobalSection
	GlobalSection(ProjectConfigurationPlatforms) = postSolution
		{172F51B9-1450-4C06-91C1-8923F2266BE4}.Debug|Any CPU.ActiveCfg = Debug|Any CPU
		{172F51B9-1450-4C06-91C1-8923F2266BE4}.Debug|Any CPU.Build.0 = Debug|Any CPU
		{172F51B9-1450-4C06-91C1-8923F2266BE4}.Release|Any CPU.ActiveCfg = Release|Any CPU
		{172F51B9-1450-4C06-91C1-8923F2266BE4}.Release|Any CPU.Build.0 = Release|Any CPU
	EndGlobalSection
	GlobalSection(SolutionProperties) = preSolution
		HideSolutionNode = FALSE
	EndGlobalSection
	GlobalSection(ExtensibilityGlobals) = postSolution
		SolutionGuid = {F9B22DDA-EE13-46D1-A46C-2BAACC95ABFB}
	EndGlobalSection
EndGlobal
